lockfileVersion: '9.0'

settings:
  autoInstallPeers: true
  excludeLinksFromLockfile: false

importers:

  .:
    devDependencies:
      '@shoelace-style/shoelace':
        specifier: ^2.20.1
        version: 2.20.1(@floating-ui/utils@0.2.10)(@types/react@19.1.11)

packages:

  '@ctrl/tinycolor@4.1.0':
    resolution: {integrity: sha512-WyOx8cJQ+FQus4Mm4uPIZA64gbk3Wxh0so5Lcii0aJifqwoVOlfFtorjLE0Hen4OYyHZMXDWqMmaQemBhgxFRQ==}
    engines: {node: '>=14'}

  '@floating-ui/core@1.7.3':
    resolution: {integrity: sha512-sGnvb5dmrJaKEZ+LDIpguvdX3bDlEllmv4/ClQ9awcmCZrlx5jQyyMWFM5kBI+EyNOCDDiKk8il0zeuX3Zlg/w==}

  '@floating-ui/dom@1.7.4':
    resolution: {integrity: sha512-OOchDgh4F2CchOX94cRVqhvy7b3AFb+/rQXyswmzmGakRfkMgoWVjfnLWkRirfLEfuD4ysVW16eXzwt3jHIzKA==}

  '@floating-ui/utils@0.2.10':
    resolution: {integrity: sha512-aGTxbpbg8/b5JfU1HXSrbH3wXZuLPJcNEcZQFMxLs3oSzgtVu6nFPkbbGGUvBcUjKV2YyB9Wxxabo+HEH9tcRQ==}

  '@lit-labs/ssr-dom-shim@1.4.0':
    resolution: {integrity: sha512-ficsEARKnmmW5njugNYKipTm4SFnbik7CXtoencDZzmzo/dQ+2Q0bgkzJuoJP20Aj0F+izzJjOqsnkd6F/o1bw==}

  '@lit/react@1.0.8':
    resolution: {integrity: sha512-p2+YcF+JE67SRX3mMlJ1TKCSTsgyOVdAwd/nxp3NuV1+Cb6MWALbN6nT7Ld4tpmYofcE5kcaSY1YBB9erY+6fw==}
    peerDependencies:
      '@types/react': 17 || 18 || 19

  '@lit/reactive-element@2.1.1':
    resolution: {integrity: sha512-N+dm5PAYdQ8e6UlywyyrgI2t++wFGXfHx+dSJ1oBrg6FAxUj40jId++EaRm80MKX5JnlH1sBsyZ5h0bcZKemCg==}

  '@shoelace-style/animations@1.2.0':
    resolution: {integrity: sha512-avvo1xxkLbv2dgtabdewBbqcJfV0e0zCwFqkPMnHFGbJbBHorRFfMAHh1NG9ymmXn0jW95ibUVH03E1NYXD6Gw==}

  '@shoelace-style/localize@3.2.1':
    resolution: {integrity: sha512-r4C9C/5kSfMBIr0D9imvpRdCNXtUNgyYThc4YlS6K5Hchv1UyxNQ9mxwj+BTRH2i1Neits260sR3OjKMnplsFA==}

  '@shoelace-style/shoelace@2.20.1':
    resolution: {integrity: sha512-FSghU95jZPGbwr/mybVvk66qRZYpx5FkXL+vLNpy1Vp8UsdwSxXjIHE3fsvMbKWTKi9UFfewHTkc5e7jAqRYoQ==}
    engines: {node: '>=14.17.0'}

  '@types/react@19.1.11':
    resolution: {integrity: sha512-lr3jdBw/BGj49Eps7EvqlUaoeA0xpj3pc0RoJkHpYaCHkVK7i28dKyImLQb3JVlqs3aYSXf7qYuWOW/fgZnTXQ==}

  '@types/trusted-types@2.0.7':
    resolution: {integrity: sha512-ScaPdn1dQczgbl0QFTeTOmVHFULt394XJgOQNoyVhZ6r2vLnMLJfBPd53SB52T/3G36VI1/g2MZaX0cwDuXsfw==}

  composed-offset-position@0.0.6:
    resolution: {integrity: sha512-Q7dLompI6lUwd7LWyIcP66r4WcS9u7AL2h8HaeipiRfCRPLMWqRx8fYsjb4OHi6UQFifO7XtNC2IlEJ1ozIFxw==}
    peerDependencies:
      '@floating-ui/utils': ^0.2.5

  csstype@3.1.3:
    resolution: {integrity: sha512-M1uQkMl8rQK/szD0LNhtqxIPLpimGm8sOBwU7lLnCpSbTyY3yeU1Vc7l4KT5zT4s/yOxHH5O7tIuuLOCnLADRw==}

  lit-element@4.2.1:
    resolution: {integrity: sha512-WGAWRGzirAgyphK2urmYOV72tlvnxw7YfyLDgQ+OZnM9vQQBQnumQ7jUJe6unEzwGU3ahFOjuz1iz1jjrpCPuw==}

  lit-html@3.3.1:
    resolution: {integrity: sha512-S9hbyDu/vs1qNrithiNyeyv64c9yqiW9l+DBgI18fL+MTvOtWoFR0FWiyq1TxaYef5wNlpEmzlXoBlZEO+WjoA==}

  lit@3.3.1:
    resolution: {integrity: sha512-Ksr/8L3PTapbdXJCk+EJVB78jDodUMaP54gD24W186zGRARvwrsPfS60wae/SSCTCNZVPd1chXqio1qHQmu4NA==}

  qr-creator@1.0.0:
    resolution: {integrity: sha512-C0cqfbS1P5hfqN4NhsYsUXePlk9BO+a45bAQ3xLYjBL3bOIFzoVEjs79Fado9u9BPBD3buHi3+vY+C8tHh4qMQ==}

snapshots:

  '@ctrl/tinycolor@4.1.0': {}

  '@floating-ui/core@1.7.3':
    dependencies:
      '@floating-ui/utils': 0.2.10

  '@floating-ui/dom@1.7.4':
    dependencies:
      '@floating-ui/core': 1.7.3
      '@floating-ui/utils': 0.2.10

  '@floating-ui/utils@0.2.10': {}

  '@lit-labs/ssr-dom-shim@1.4.0': {}

  '@lit/react@1.0.8(@types/react@19.1.11)':
    dependencies:
      '@types/react': 19.1.11

  '@lit/reactive-element@2.1.1':
    dependencies:
      '@lit-labs/ssr-dom-shim': 1.4.0

  '@shoelace-style/animations@1.2.0': {}

  '@shoelace-style/localize@3.2.1': {}

  '@shoelace-style/shoelace@2.20.1(@floating-ui/utils@0.2.10)(@types/react@19.1.11)':
    dependencies:
      '@ctrl/tinycolor': 4.1.0
      '@floating-ui/dom': 1.7.4
      '@lit/react': 1.0.8(@types/react@19.1.11)
      '@shoelace-style/animations': 1.2.0
      '@shoelace-style/localize': 3.2.1
      composed-offset-position: 0.0.6(@floating-ui/utils@0.2.10)
      lit: 3.3.1
      qr-creator: 1.0.0
    transitivePeerDependencies:
      - '@floating-ui/utils'
      - '@types/react'

  '@types/react@19.1.11':
    dependencies:
      csstype: 3.1.3

  '@types/trusted-types@2.0.7': {}

  composed-offset-position@0.0.6(@floating-ui/utils@0.2.10):
    dependencies:
      '@floating-ui/utils': 0.2.10

  csstype@3.1.3: {}

  lit-element@4.2.1:
    dependencies:
      '@lit-labs/ssr-dom-shim': 1.4.0
      '@lit/reactive-element': 2.1.1
      lit-html: 3.3.1

  lit-html@3.3.1:
    dependencies:
      '@types/trusted-types': 2.0.7

  lit@3.3.1:
    dependencies:
      '@lit/reactive-element': 2.1.1
      lit-element: 4.2.1
      lit-html: 3.3.1

  qr-creator@1.0.0: {}
